
Microsoft Visual Studio Solution File, Format Version 12.00
# Visual Studio 15
VisualStudioVersion = 15.0.26430.14
MinimumVisualStudioVersion = 10.0.40219.1
Project("{9A19103F-16F7-4668-BE54-9A1E7A4F7556}") = "Common", "Common\Common.csproj", "{4953B20A-7E45-43BD-AAAF-67418FBBF9F4}"
EndProject
Project("{9A19103F-16F7-4668-BE54-9A1E7A4F7556}") = "Version_3_x", "Version_3_x\Version_3_x.csproj", "{D85F9055-9FD7-453D-9A01-9FC42AB98391}"
EndProject
Project("{9A19103F-16F7-4668-BE54-9A1E7A4F7556}") = "Version_3_x.Messages", "Version_3_x.Messages\Version_3_x.Messages.csproj", "{69DDF094-071E-4418-B139-EC6EF36AD6E6}"
EndProject
Project("{9A19103F-16F7-4668-BE54-9A1E7A4F7556}") = "Version_4_x", "Version_4_x\Version_4_x.csproj", "{65AF4EAB-FE04-4306-B553-4B3851C6D74B}"
EndProject
Project("{9A19103F-16F7-4668-BE54-9A1E7A4F7556}") = "Version_4_x.Messages", "Version_4_x.Messages\Version_4_x.Messages.csproj", "{942A1913-EE4F-4FA6-9260-294074BDAF39}"
EndProject
Project("{9A19103F-16F7-4668-BE54-9A1E7A4F7556}") = "CommonMessages", "CommonMessages\CommonMessages.csproj", "{070B0680-0B27-4B65-9FAE-7A53B8C53E67}"
EndProject
Project("{9A19103F-16F7-4668-BE54-9A1E7A4F7556}") = "Version_5_0.Messages", "Version_5_0.Messages\Version_5_0.Messages.csproj", "{3842C4E8-B3B8-4CEB-8E1D-7634AE3DB479}"
EndProject
Project("{9A19103F-16F7-4668-BE54-9A1E7A4F7556}") = "Version_5_0", "Version_5_0\Version_5_0.csproj", "{FF949B79-CA34-4831-AC27-2A82397CCFEF}"
EndProject
Project("{9A19103F-16F7-4668-BE54-9A1E7A4F7556}") = "Version_5_1", "Version_5_1\Version_5_1.csproj", "{B79C21C0-8994-48C8-A68C-7C2296B13430}"
EndProject
Project("{9A19103F-16F7-4668-BE54-9A1E7A4F7556}") = "Version_5_1.Messages", "Version_5_1.Messages\Version_5_1.Messages.csproj", "{D00B8711-435F-47DD-8F6E-319B0EECD7A2}"
EndProject
Project("{9A19103F-16F7-4668-BE54-9A1E7A4F7556}") = "Version_5_2.Messages", "Version_5_2.Messages\Version_5_2.Messages.csproj", "{021B4564-D628-487D-B4BE-30FAC19AC9A2}"
EndProject
Project("{9A19103F-16F7-4668-BE54-9A1E7A4F7556}") = "Version_5_2", "Version_5_2\Version_5_2.csproj", "{8B787F17-606E-45DC-B0ED-27FE76A1AC96}"
EndProject
Project("{9A19103F-16F7-4668-BE54-9A1E7A4F7556}") = "Version_6_0", "Version_6_0\Version_6_0.csproj", "{2E3C33F8-34E8-4C1C-B3CB-9D09C7F23321}"
EndProject
Project("{9A19103F-16F7-4668-BE54-9A1E7A4F7556}") = "Version_6_0.Messages", "Version_6_0.Messages\Version_6_0.Messages.csproj", "{9B98D576-3032-47B0-A6E6-FDDBCE19FDAB}"
EndProject
Project("{9A19103F-16F7-4668-BE54-9A1E7A4F7556}") = "Version_6_1", "Version_6_1\Version_6_1.csproj", "{3E3C33F8-34E8-4C1C-B3CB-9D09C7F23321}"
EndProject
Project("{9A19103F-16F7-4668-BE54-9A1E7A4F7556}") = "Version_6_1.Messages", "Version_6_1.Messages\Version_6_1.Messages.csproj", "{8B98D576-3032-47B0-A6E6-FDDBCE19FDAB}"
EndProject
Project("{9A19103F-16F7-4668-BE54-9A1E7A4F7556}") = "Version_6_2.Messages", "Version_6_2.Messages\Version_6_2.Messages.csproj", "{441CDA9F-1643-4F9D-A96C-7280D224E764}"
EndProject
Project("{9A19103F-16F7-4668-BE54-9A1E7A4F7556}") = "Version_6_2", "Version_6_2\Version_6_2.csproj", "{5D8AAC91-C733-4E9F-B208-62D726E8D936}"
EndProject
Project("{9A19103F-16F7-4668-BE54-9A1E7A4F7556}") = "Version_6_3.Messages", "Version_6_3.Messages\Version_6_3.Messages.csproj", "{CA062DB6-2BEE-47EB-B3C7-717BA242F756}"
EndProject
Project("{9A19103F-16F7-4668-BE54-9A1E7A4F7556}") = "Version_6_3", "Version_6_3\Version_6_3.csproj", "{F075D854-B11F-49B9-A884-979A290B2E18}"
EndProject
Project("{9A19103F-16F7-4668-BE54-9A1E7A4F7556}") = "Version_6_4.Messages", "Version_6_4.Messages\Version_6_4.Messages.csproj", "{DC1D4DFB-4D3C-4409-99A2-96ACC36F098E}"
EndProject
Project("{9A19103F-16F7-4668-BE54-9A1E7A4F7556}") = "Version_6_4", "Version_6_4\Version_6_4.csproj", "{62490FB0-B86E-4724-8C06-BF28D0477819}"
EndProject
Project("{9A19103F-16F7-4668-BE54-9A1E7A4F7556}") = "Version_6_5.Messages", "Version_6_5.Messages\Version_6_5.Messages.csproj", "{CA23983B-BCD1-4BB5-A0A1-8515BA384FC8}"
EndProject
Project("{9A19103F-16F7-4668-BE54-9A1E7A4F7556}") = "Version_6_5", "Version_6_5\Version_6_5.csproj", "{B63F9BE1-A4AD-4248-BCC8-672AFAEF4F85}"
EndProject
Project("{9A19103F-16F7-4668-BE54-9A1E7A4F7556}") = "Version_7_0.Messages", "Version_7_0.Messages\Version_7_0.Messages.csproj", "{84C7C3E8-1017-425D-B479-CABDDE2C1CF2}"
EndProject
Project("{9A19103F-16F7-4668-BE54-9A1E7A4F7556}") = "Version_7_0", "Version_7_0\Version_7_0.csproj", "{7FC982C5-53AE-4BE8-8EA4-0EC1DDA98C7D}"
EndProject
Project("{9A19103F-16F7-4668-BE54-9A1E7A4F7556}") = "Version_7_1.Messages", "Version_7_1.Messages\Version_7_1.Messages.csproj", "{6FDE9D1A-7734-42DF-A26D-1E106592E7F6}"
EndProject
Project("{9A19103F-16F7-4668-BE54-9A1E7A4F7556}") = "Version_7_1", "Version_7_1\Version_7_1.csproj", "{796CE7FC-F86C-4A73-BBB7-B31CE5AEE724}"
EndProject
Global
	GlobalSection(SolutionConfigurationPlatforms) = preSolution
		Debug|Any CPU = Debug|Any CPU
		Release|Any CPU = Release|Any CPU
	EndGlobalSection
	GlobalSection(ProjectConfigurationPlatforms) = postSolution
		{4953B20A-7E45-43BD-AAAF-67418FBBF9F4}.Debug|Any CPU.ActiveCfg = Debug|Any CPU
		{4953B20A-7E45-43BD-AAAF-67418FBBF9F4}.Debug|Any CPU.Build.0 = Debug|Any CPU
		{4953B20A-7E45-43BD-AAAF-67418FBBF9F4}.Release|Any CPU.ActiveCfg = Release|Any CPU
		{4953B20A-7E45-43BD-AAAF-67418FBBF9F4}.Release|Any CPU.Build.0 = Release|Any CPU
		{D85F9055-9FD7-453D-9A01-9FC42AB98391}.Debug|Any CPU.ActiveCfg = Debug|Any CPU
		{D85F9055-9FD7-453D-9A01-9FC42AB98391}.Debug|Any CPU.Build.0 = Debug|Any CPU
		{D85F9055-9FD7-453D-9A01-9FC42AB98391}.Release|Any CPU.ActiveCfg = Release|Any CPU
		{D85F9055-9FD7-453D-9A01-9FC42AB98391}.Release|Any CPU.Build.0 = Release|Any CPU
		{69DDF094-071E-4418-B139-EC6EF36AD6E6}.Debug|Any CPU.ActiveCfg = Debug|Any CPU
		{69DDF094-071E-4418-B139-EC6EF36AD6E6}.Debug|Any CPU.Build.0 = Debug|Any CPU
		{69DDF094-071E-4418-B139-EC6EF36AD6E6}.Release|Any CPU.ActiveCfg = Release|Any CPU
		{69DDF094-071E-4418-B139-EC6EF36AD6E6}.Release|Any CPU.Build.0 = Release|Any CPU
		{65AF4EAB-FE04-4306-B553-4B3851C6D74B}.Debug|Any CPU.ActiveCfg = Debug|Any CPU
		{65AF4EAB-FE04-4306-B553-4B3851C6D74B}.Debug|Any CPU.Build.0 = Debug|Any CPU
		{65AF4EAB-FE04-4306-B553-4B3851C6D74B}.Release|Any CPU.ActiveCfg = Release|Any CPU
		{65AF4EAB-FE04-4306-B553-4B3851C6D74B}.Release|Any CPU.Build.0 = Release|Any CPU
		{942A1913-EE4F-4FA6-9260-294074BDAF39}.Debug|Any CPU.ActiveCfg = Debug|Any CPU
		{942A1913-EE4F-4FA6-9260-294074BDAF39}.Debug|Any CPU.Build.0 = Debug|Any CPU
		{942A1913-EE4F-4FA6-9260-294074BDAF39}.Release|Any CPU.ActiveCfg = Release|Any CPU
		{942A1913-EE4F-4FA6-9260-294074BDAF39}.Release|Any CPU.Build.0 = Release|Any CPU
		{070B0680-0B27-4B65-9FAE-7A53B8C53E67}.Debug|Any CPU.ActiveCfg = Debug|Any CPU
		{070B0680-0B27-4B65-9FAE-7A53B8C53E67}.Debug|Any CPU.Build.0 = Debug|Any CPU
		{070B0680-0B27-4B65-9FAE-7A53B8C53E67}.Release|Any CPU.ActiveCfg = Release|Any CPU
		{070B0680-0B27-4B65-9FAE-7A53B8C53E67}.Release|Any CPU.Build.0 = Release|Any CPU
		{3842C4E8-B3B8-4CEB-8E1D-7634AE3DB479}.Debug|Any CPU.ActiveCfg = Debug|Any CPU
		{3842C4E8-B3B8-4CEB-8E1D-7634AE3DB479}.Debug|Any CPU.Build.0 = Debug|Any CPU
		{3842C4E8-B3B8-4CEB-8E1D-7634AE3DB479}.Release|Any CPU.ActiveCfg = Release|Any CPU
		{3842C4E8-B3B8-4CEB-8E1D-7634AE3DB479}.Release|Any CPU.Build.0 = Release|Any CPU
		{FF949B79-CA34-4831-AC27-2A82397CCFEF}.Debug|Any CPU.ActiveCfg = Debug|Any CPU
		{FF949B79-CA34-4831-AC27-2A82397CCFEF}.Debug|Any CPU.Build.0 = Debug|Any CPU
		{FF949B79-CA34-4831-AC27-2A82397CCFEF}.Release|Any CPU.ActiveCfg = Release|Any CPU
		{FF949B79-CA34-4831-AC27-2A82397CCFEF}.Release|Any CPU.Build.0 = Release|Any CPU
		{B79C21C0-8994-48C8-A68C-7C2296B13430}.Debug|Any CPU.ActiveCfg = Debug|Any CPU
		{B79C21C0-8994-48C8-A68C-7C2296B13430}.Debug|Any CPU.Build.0 = Debug|Any CPU
		{B79C21C0-8994-48C8-A68C-7C2296B13430}.Release|Any CPU.ActiveCfg = Release|Any CPU
		{B79C21C0-8994-48C8-A68C-7C2296B13430}.Release|Any CPU.Build.0 = Release|Any CPU
		{D00B8711-435F-47DD-8F6E-319B0EECD7A2}.Debug|Any CPU.ActiveCfg = Debug|Any CPU
		{D00B8711-435F-47DD-8F6E-319B0EECD7A2}.Debug|Any CPU.Build.0 = Debug|Any CPU
		{D00B8711-435F-47DD-8F6E-319B0EECD7A2}.Release|Any CPU.ActiveCfg = Release|Any CPU
		{D00B8711-435F-47DD-8F6E-319B0EECD7A2}.Release|Any CPU.Build.0 = Release|Any CPU
		{021B4564-D628-487D-B4BE-30FAC19AC9A2}.Debug|Any CPU.ActiveCfg = Debug|Any CPU
		{021B4564-D628-487D-B4BE-30FAC19AC9A2}.Debug|Any CPU.Build.0 = Debug|Any CPU
		{021B4564-D628-487D-B4BE-30FAC19AC9A2}.Release|Any CPU.ActiveCfg = Release|Any CPU
		{021B4564-D628-487D-B4BE-30FAC19AC9A2}.Release|Any CPU.Build.0 = Release|Any CPU
		{8B787F17-606E-45DC-B0ED-27FE76A1AC96}.Debug|Any CPU.ActiveCfg = Debug|Any CPU
		{8B787F17-606E-45DC-B0ED-27FE76A1AC96}.Debug|Any CPU.Build.0 = Debug|Any CPU
		{8B787F17-606E-45DC-B0ED-27FE76A1AC96}.Release|Any CPU.ActiveCfg = Release|Any CPU
		{8B787F17-606E-45DC-B0ED-27FE76A1AC96}.Release|Any CPU.Build.0 = Release|Any CPU
		{2E3C33F8-34E8-4C1C-B3CB-9D09C7F23321}.Debug|Any CPU.ActiveCfg = Debug|Any CPU
		{2E3C33F8-34E8-4C1C-B3CB-9D09C7F23321}.Debug|Any CPU.Build.0 = Debug|Any CPU
		{2E3C33F8-34E8-4C1C-B3CB-9D09C7F23321}.Release|Any CPU.ActiveCfg = Release|Any CPU
		{2E3C33F8-34E8-4C1C-B3CB-9D09C7F23321}.Release|Any CPU.Build.0 = Release|Any CPU
		{9B98D576-3032-47B0-A6E6-FDDBCE19FDAB}.Debug|Any CPU.ActiveCfg = Debug|Any CPU
		{9B98D576-3032-47B0-A6E6-FDDBCE19FDAB}.Debug|Any CPU.Build.0 = Debug|Any CPU
		{9B98D576-3032-47B0-A6E6-FDDBCE19FDAB}.Release|Any CPU.ActiveCfg = Release|Any CPU
		{9B98D576-3032-47B0-A6E6-FDDBCE19FDAB}.Release|Any CPU.Build.0 = Release|Any CPU
		{3E3C33F8-34E8-4C1C-B3CB-9D09C7F23321}.Debug|Any CPU.ActiveCfg = Debug|Any CPU
		{3E3C33F8-34E8-4C1C-B3CB-9D09C7F23321}.Debug|Any CPU.Build.0 = Debug|Any CPU
		{3E3C33F8-34E8-4C1C-B3CB-9D09C7F23321}.Release|Any CPU.ActiveCfg = Release|Any CPU
		{3E3C33F8-34E8-4C1C-B3CB-9D09C7F23321}.Release|Any CPU.Build.0 = Release|Any CPU
		{8B98D576-3032-47B0-A6E6-FDDBCE19FDAB}.Debug|Any CPU.ActiveCfg = Debug|Any CPU
		{8B98D576-3032-47B0-A6E6-FDDBCE19FDAB}.Debug|Any CPU.Build.0 = Debug|Any CPU
		{8B98D576-3032-47B0-A6E6-FDDBCE19FDAB}.Release|Any CPU.ActiveCfg = Release|Any CPU
		{8B98D576-3032-47B0-A6E6-FDDBCE19FDAB}.Release|Any CPU.Build.0 = Release|Any CPU
		{441CDA9F-1643-4F9D-A96C-7280D224E764}.Debug|Any CPU.ActiveCfg = Debug|Any CPU
		{441CDA9F-1643-4F9D-A96C-7280D224E764}.Debug|Any CPU.Build.0 = Debug|Any CPU
		{441CDA9F-1643-4F9D-A96C-7280D224E764}.Release|Any CPU.ActiveCfg = Release|Any CPU
		{441CDA9F-1643-4F9D-A96C-7280D224E764}.Release|Any CPU.Build.0 = Release|Any CPU
		{5D8AAC91-C733-4E9F-B208-62D726E8D936}.Debug|Any CPU.ActiveCfg = Debug|Any CPU
		{5D8AAC91-C733-4E9F-B208-62D726E8D936}.Debug|Any CPU.Build.0 = Debug|Any CPU
		{5D8AAC91-C733-4E9F-B208-62D726E8D936}.Release|Any CPU.ActiveCfg = Release|Any CPU
		{5D8AAC91-C733-4E9F-B208-62D726E8D936}.Release|Any CPU.Build.0 = Release|Any CPU
		{CA062DB6-2BEE-47EB-B3C7-717BA242F756}.Debug|Any CPU.ActiveCfg = Debug|Any CPU
		{CA062DB6-2BEE-47EB-B3C7-717BA242F756}.Debug|Any CPU.Build.0 = Debug|Any CPU
		{CA062DB6-2BEE-47EB-B3C7-717BA242F756}.Release|Any CPU.ActiveCfg = Release|Any CPU
		{CA062DB6-2BEE-47EB-B3C7-717BA242F756}.Release|Any CPU.Build.0 = Release|Any CPU
		{F075D854-B11F-49B9-A884-979A290B2E18}.Debug|Any CPU.ActiveCfg = Debug|Any CPU
		{F075D854-B11F-49B9-A884-979A290B2E18}.Debug|Any CPU.Build.0 = Debug|Any CPU
		{F075D854-B11F-49B9-A884-979A290B2E18}.Release|Any CPU.ActiveCfg = Release|Any CPU
		{F075D854-B11F-49B9-A884-979A290B2E18}.Release|Any CPU.Build.0 = Release|Any CPU
		{B63F9BE1-A4AD-4248-BCC8-672AFAEF4F85}.Debug|Any CPU.ActiveCfg = Debug|Any CPU
		{B63F9BE1-A4AD-4248-BCC8-672AFAEF4F85}.Debug|Any CPU.Build.0 = Debug|Any CPU
		{B63F9BE1-A4AD-4248-BCC8-672AFAEF4F85}.Release|Any CPU.ActiveCfg = Release|Any CPU
		{B63F9BE1-A4AD-4248-BCC8-672AFAEF4F85}.Release|Any CPU.Build.0 = Release|Any CPU
		{CA23983B-BCD1-4BB5-A0A1-8515BA384FC8}.Debug|Any CPU.ActiveCfg = Debug|Any CPU
		{CA23983B-BCD1-4BB5-A0A1-8515BA384FC8}.Debug|Any CPU.Build.0 = Debug|Any CPU
		{CA23983B-BCD1-4BB5-A0A1-8515BA384FC8}.Release|Any CPU.ActiveCfg = Release|Any CPU
		{CA23983B-BCD1-4BB5-A0A1-8515BA384FC8}.Release|Any CPU.Build.0 = Release|Any CPU
		{62490FB0-B86E-4724-8C06-BF28D0477819}.Debug|Any CPU.ActiveCfg = Debug|Any CPU
		{62490FB0-B86E-4724-8C06-BF28D0477819}.Debug|Any CPU.Build.0 = Debug|Any CPU
		{62490FB0-B86E-4724-8C06-BF28D0477819}.Release|Any CPU.ActiveCfg = Release|Any CPU
		{62490FB0-B86E-4724-8C06-BF28D0477819}.Release|Any CPU.Build.0 = Release|Any CPU
		{DC1D4DFB-4D3C-4409-99A2-96ACC36F098E}.Debug|Any CPU.ActiveCfg = Debug|Any CPU
		{DC1D4DFB-4D3C-4409-99A2-96ACC36F098E}.Debug|Any CPU.Build.0 = Debug|Any CPU
		{DC1D4DFB-4D3C-4409-99A2-96ACC36F098E}.Release|Any CPU.ActiveCfg = Release|Any CPU
		{DC1D4DFB-4D3C-4409-99A2-96ACC36F098E}.Release|Any CPU.Build.0 = Release|Any CPU
		{84C7C3E8-1017-425D-B479-CABDDE2C1CF2}.Debug|Any CPU.ActiveCfg = Debug|Any CPU
		{84C7C3E8-1017-425D-B479-CABDDE2C1CF2}.Debug|Any CPU.Build.0 = Debug|Any CPU
		{84C7C3E8-1017-425D-B479-CABDDE2C1CF2}.Release|Any CPU.ActiveCfg = Release|Any CPU
		{84C7C3E8-1017-425D-B479-CABDDE2C1CF2}.Release|Any CPU.Build.0 = Release|Any CPU
		{7FC982C5-53AE-4BE8-8EA4-0EC1DDA98C7D}.Debug|Any CPU.ActiveCfg = Debug|Any CPU
		{7FC982C5-53AE-4BE8-8EA4-0EC1DDA98C7D}.Debug|Any CPU.Build.0 = Debug|Any CPU
		{7FC982C5-53AE-4BE8-8EA4-0EC1DDA98C7D}.Release|Any CPU.ActiveCfg = Release|Any CPU
		{7FC982C5-53AE-4BE8-8EA4-0EC1DDA98C7D}.Release|Any CPU.Build.0 = Release|Any CPU
		{796CE7FC-F86C-4A73-BBB7-B31CE5AEE724}.Debug|Any CPU.ActiveCfg = Debug|Any CPU
		{796CE7FC-F86C-4A73-BBB7-B31CE5AEE724}.Debug|Any CPU.Build.0 = Debug|Any CPU
		{796CE7FC-F86C-4A73-BBB7-B31CE5AEE724}.Release|Any CPU.ActiveCfg = Release|Any CPU
		{796CE7FC-F86C-4A73-BBB7-B31CE5AEE724}.Release|Any CPU.Build.0 = Release|Any CPU
		{6FDE9D1A-7734-42DF-A26D-1E106592E7F6}.Debug|Any CPU.ActiveCfg = Debug|Any CPU
		{6FDE9D1A-7734-42DF-A26D-1E106592E7F6}.Debug|Any CPU.Build.0 = Debug|Any CPU
		{6FDE9D1A-7734-42DF-A26D-1E106592E7F6}.Release|Any CPU.ActiveCfg = Release|Any CPU
		{6FDE9D1A-7734-42DF-A26D-1E106592E7F6}.Release|Any CPU.Build.0 = Release|Any CPU
	EndGlobalSection
	GlobalSection(SolutionProperties) = preSolution
		HideSolutionNode = FALSE
	EndGlobalSection
EndGlobal
