
Microsoft Visual Studio Solution File, Format Version 12.00
# Visual Studio 14
VisualStudioVersion = 14.0.24720.0
MinimumVisualStudioVersion = 10.0.40219.1
Project("{FAE04EC0-301F-11D3-BF4B-00C04F79EFBC}") = "Common", "Common\Common.csproj", "{4953B20A-7E45-43BD-AAAF-67418FBBF9F4}"
EndProject
Project("{FAE04EC0-301F-11D3-BF4B-00C04F79EFBC}") = "Version_3_3", "Version_3_3\Version_3_3.csproj", "{D85F9055-9FD7-453D-9A01-9FC42AB98391}"
EndProject
Project("{FAE04EC0-301F-11D3-BF4B-00C04F79EFBC}") = "Version_3_3.Messages", "Version_3_3.Messages\Version_3_3.Messages.csproj", "{69DDF094-071E-4418-B139-EC6EF36AD6E6}"
EndProject
Project("{FAE04EC0-301F-11D3-BF4B-00C04F79EFBC}") = "Version_4_0", "Version_4_0\Version_4_0.csproj", "{65AF4EAB-FE04-4306-B553-4B3851C6D74B}"
EndProject
Project("{FAE04EC0-301F-11D3-BF4B-00C04F79EFBC}") = "Version_4_0.Messages", "Version_4_0.Messages\Version_4_0.Messages.csproj", "{942A1913-EE4F-4FA6-9260-294074BDAF39}"
EndProject
Project("{FAE04EC0-301F-11D3-BF4B-00C04F79EFBC}") = "Version_4_1", "Version_4_1\Version_4_1.csproj", "{D88EB929-D104-4214-A14A-618C598B574C}"
EndProject
Project("{FAE04EC0-301F-11D3-BF4B-00C04F79EFBC}") = "Version_4_1.Messages", "Version_4_1.Messages\Version_4_1.Messages.csproj", "{A8261847-58A1-49D3-BD6C-792DEEA51F18}"
EndProject
Project("{FAE04EC0-301F-11D3-BF4B-00C04F79EFBC}") = "Version_4_2", "Version_4_2\Version_4_2.csproj", "{A9917D07-2C88-4021-8685-28426F3BBF6C}"
EndProject
Project("{FAE04EC0-301F-11D3-BF4B-00C04F79EFBC}") = "Version_4_2.Messages", "Version_4_2.Messages\Version_4_2.Messages.csproj", "{3D79D28A-000C-4DE7-A895-E6FD85D9DB03}"
EndProject
Project("{FAE04EC0-301F-11D3-BF4B-00C04F79EFBC}") = "Version_4_3", "Version_4_3\Version_4_3.csproj", "{10FC269B-411B-48DB-9819-2E4C83B61974}"
EndProject
Project("{FAE04EC0-301F-11D3-BF4B-00C04F79EFBC}") = "Version_4_3.Messages", "Version_4_3.Messages\Version_4_3.Messages.csproj", "{A94538BF-0DE5-4856-80B9-30C8BB40F7E3}"
EndProject
Project("{FAE04EC0-301F-11D3-BF4B-00C04F79EFBC}") = "Version_4_4", "Version_4_4\Version_4_4.csproj", "{A22267C9-AA25-430F-8FB4-4A6F05AF21F6}"
EndProject
Project("{FAE04EC0-301F-11D3-BF4B-00C04F79EFBC}") = "Version_4_4.Messages", "Version_4_4.Messages\Version_4_4.Messages.csproj", "{A5039653-8707-41B5-8C0C-50CF013FBBF9}"
EndProject
Project("{FAE04EC0-301F-11D3-BF4B-00C04F79EFBC}") = "CommonMessages", "CommonMessages\CommonMessages.csproj", "{070B0680-0B27-4B65-9FAE-7A53B8C53E67}"
EndProject
Project("{FAE04EC0-301F-11D3-BF4B-00C04F79EFBC}") = "Version_4_5.Messages", "Version_4_5.Messages\Version_4_5.Messages.csproj", "{8A9946E1-AEFC-4158-B562-013B8A57C002}"
EndProject
Project("{FAE04EC0-301F-11D3-BF4B-00C04F79EFBC}") = "Version_4_5", "Version_4_5\Version_4_5.csproj", "{6A655ADA-C7B0-4A18-A35B-0D8526587E63}"
EndProject
Project("{FAE04EC0-301F-11D3-BF4B-00C04F79EFBC}") = "Version_4_6", "Version_4_6\Version_4_6.csproj", "{F9CB4076-AFC0-4CF2-9204-E0AFCC19F9DE}"
EndProject
Project("{FAE04EC0-301F-11D3-BF4B-00C04F79EFBC}") = "Version_4_6.Messages", "Version_4_6.Messages\Version_4_6.Messages.csproj", "{D353275E-895C-4D04-BCCA-AE08F4347BEF}"
EndProject
Project("{FAE04EC0-301F-11D3-BF4B-00C04F79EFBC}") = "Version_5_0.Messages", "Version_5_0.Messages\Version_5_0.Messages.csproj", "{3842C4E8-B3B8-4CEB-8E1D-7634AE3DB479}"
EndProject
Project("{FAE04EC0-301F-11D3-BF4B-00C04F79EFBC}") = "Version_5_0", "Version_5_0\Version_5_0.csproj", "{FF949B79-CA34-4831-AC27-2A82397CCFEF}"
EndProject
Project("{2150E333-8FDC-42A3-9474-1A3956D46DE8}") = "Solution Items", "Solution Items", "{97645372-7DA2-4512-80F6-C4D7A2187865}"
	ProjectSection(SolutionItems) = preProject
		Readme.txt = Readme.txt
	EndProjectSection
EndProject
Project("{FAE04EC0-301F-11D3-BF4B-00C04F79EFBC}") = "Version_4_7.Messages", "Version_4_7.Messages\Version_4_7.Messages.csproj", "{C5BAAAD1-9D73-43F1-AA5F-E9C0A400A965}"
EndProject
Project("{FAE04EC0-301F-11D3-BF4B-00C04F79EFBC}") = "Version_4_7", "Version_4_7\Version_4_7.csproj", "{36EAFDA9-DC55-4853-8EE1-99CC1307D8B0}"
EndProject
Project("{FAE04EC0-301F-11D3-BF4B-00C04F79EFBC}") = "Version_5_1", "Version_5_1\Version_5_1.csproj", "{B79C21C0-8994-48C8-A68C-7C2296B13430}"
EndProject
Project("{FAE04EC0-301F-11D3-BF4B-00C04F79EFBC}") = "Version_5_1.Messages", "Version_5_1.Messages\Version_5_1.Messages.csproj", "{D00B8711-435F-47DD-8F6E-319B0EECD7A2}"
EndProject
Project("{FAE04EC0-301F-11D3-BF4B-00C04F79EFBC}") = "Version_5_2.Messages", "Version_5_2.Messages\Version_5_2.Messages.csproj", "{021B4564-D628-487D-B4BE-30FAC19AC9A2}"
EndProject
Project("{FAE04EC0-301F-11D3-BF4B-00C04F79EFBC}") = "Version_5_2", "Version_5_2\Version_5_2.csproj", "{8B787F17-606E-45DC-B0ED-27FE76A1AC96}"
EndProject
Project("{FAE04EC0-301F-11D3-BF4B-00C04F79EFBC}") = "Version_6_0", "Version_6_0\Version_6_0.csproj", "{2E3C33F8-34E8-4C1C-B3CB-9D09C7F23321}"
EndProject
Project("{FAE04EC0-301F-11D3-BF4B-00C04F79EFBC}") = "Version_6_0.Messages", "Version_6_0.Messages\Version_6_0.Messages.csproj", "{9B98D576-3032-47B0-A6E6-FDDBCE19FDAB}"
EndProject
Global
	GlobalSection(SolutionConfigurationPlatforms) = preSolution
		Debug|Any CPU = Debug|Any CPU
		Release|Any CPU = Release|Any CPU
	EndGlobalSection
	GlobalSection(ProjectConfigurationPlatforms) = postSolution
		{4953B20A-7E45-43BD-AAAF-67418FBBF9F4}.Debug|Any CPU.ActiveCfg = Debug|Any CPU
		{4953B20A-7E45-43BD-AAAF-67418FBBF9F4}.Debug|Any CPU.Build.0 = Debug|Any CPU
		{4953B20A-7E45-43BD-AAAF-67418FBBF9F4}.Release|Any CPU.ActiveCfg = Release|Any CPU
		{4953B20A-7E45-43BD-AAAF-67418FBBF9F4}.Release|Any CPU.Build.0 = Release|Any CPU
		{D85F9055-9FD7-453D-9A01-9FC42AB98391}.Debug|Any CPU.ActiveCfg = Debug|Any CPU
		{D85F9055-9FD7-453D-9A01-9FC42AB98391}.Debug|Any CPU.Build.0 = Debug|Any CPU
		{D85F9055-9FD7-453D-9A01-9FC42AB98391}.Release|Any CPU.ActiveCfg = Release|Any CPU
		{D85F9055-9FD7-453D-9A01-9FC42AB98391}.Release|Any CPU.Build.0 = Release|Any CPU
		{69DDF094-071E-4418-B139-EC6EF36AD6E6}.Debug|Any CPU.ActiveCfg = Debug|Any CPU
		{69DDF094-071E-4418-B139-EC6EF36AD6E6}.Debug|Any CPU.Build.0 = Debug|Any CPU
		{69DDF094-071E-4418-B139-EC6EF36AD6E6}.Release|Any CPU.ActiveCfg = Release|Any CPU
		{69DDF094-071E-4418-B139-EC6EF36AD6E6}.Release|Any CPU.Build.0 = Release|Any CPU
		{65AF4EAB-FE04-4306-B553-4B3851C6D74B}.Debug|Any CPU.ActiveCfg = Debug|Any CPU
		{65AF4EAB-FE04-4306-B553-4B3851C6D74B}.Debug|Any CPU.Build.0 = Debug|Any CPU
		{65AF4EAB-FE04-4306-B553-4B3851C6D74B}.Release|Any CPU.ActiveCfg = Release|Any CPU
		{65AF4EAB-FE04-4306-B553-4B3851C6D74B}.Release|Any CPU.Build.0 = Release|Any CPU
		{942A1913-EE4F-4FA6-9260-294074BDAF39}.Debug|Any CPU.ActiveCfg = Debug|Any CPU
		{942A1913-EE4F-4FA6-9260-294074BDAF39}.Debug|Any CPU.Build.0 = Debug|Any CPU
		{942A1913-EE4F-4FA6-9260-294074BDAF39}.Release|Any CPU.ActiveCfg = Release|Any CPU
		{942A1913-EE4F-4FA6-9260-294074BDAF39}.Release|Any CPU.Build.0 = Release|Any CPU
		{D88EB929-D104-4214-A14A-618C598B574C}.Debug|Any CPU.ActiveCfg = Debug|Any CPU
		{D88EB929-D104-4214-A14A-618C598B574C}.Debug|Any CPU.Build.0 = Debug|Any CPU
		{D88EB929-D104-4214-A14A-618C598B574C}.Release|Any CPU.ActiveCfg = Release|Any CPU
		{D88EB929-D104-4214-A14A-618C598B574C}.Release|Any CPU.Build.0 = Release|Any CPU
		{A8261847-58A1-49D3-BD6C-792DEEA51F18}.Debug|Any CPU.ActiveCfg = Debug|Any CPU
		{A8261847-58A1-49D3-BD6C-792DEEA51F18}.Debug|Any CPU.Build.0 = Debug|Any CPU
		{A8261847-58A1-49D3-BD6C-792DEEA51F18}.Release|Any CPU.ActiveCfg = Release|Any CPU
		{A8261847-58A1-49D3-BD6C-792DEEA51F18}.Release|Any CPU.Build.0 = Release|Any CPU
		{A9917D07-2C88-4021-8685-28426F3BBF6C}.Debug|Any CPU.ActiveCfg = Debug|Any CPU
		{A9917D07-2C88-4021-8685-28426F3BBF6C}.Debug|Any CPU.Build.0 = Debug|Any CPU
		{A9917D07-2C88-4021-8685-28426F3BBF6C}.Release|Any CPU.ActiveCfg = Release|Any CPU
		{A9917D07-2C88-4021-8685-28426F3BBF6C}.Release|Any CPU.Build.0 = Release|Any CPU
		{3D79D28A-000C-4DE7-A895-E6FD85D9DB03}.Debug|Any CPU.ActiveCfg = Debug|Any CPU
		{3D79D28A-000C-4DE7-A895-E6FD85D9DB03}.Debug|Any CPU.Build.0 = Debug|Any CPU
		{3D79D28A-000C-4DE7-A895-E6FD85D9DB03}.Release|Any CPU.ActiveCfg = Release|Any CPU
		{3D79D28A-000C-4DE7-A895-E6FD85D9DB03}.Release|Any CPU.Build.0 = Release|Any CPU
		{10FC269B-411B-48DB-9819-2E4C83B61974}.Debug|Any CPU.ActiveCfg = Debug|Any CPU
		{10FC269B-411B-48DB-9819-2E4C83B61974}.Debug|Any CPU.Build.0 = Debug|Any CPU
		{10FC269B-411B-48DB-9819-2E4C83B61974}.Release|Any CPU.ActiveCfg = Release|Any CPU
		{10FC269B-411B-48DB-9819-2E4C83B61974}.Release|Any CPU.Build.0 = Release|Any CPU
		{A94538BF-0DE5-4856-80B9-30C8BB40F7E3}.Debug|Any CPU.ActiveCfg = Debug|Any CPU
		{A94538BF-0DE5-4856-80B9-30C8BB40F7E3}.Debug|Any CPU.Build.0 = Debug|Any CPU
		{A94538BF-0DE5-4856-80B9-30C8BB40F7E3}.Release|Any CPU.ActiveCfg = Release|Any CPU
		{A94538BF-0DE5-4856-80B9-30C8BB40F7E3}.Release|Any CPU.Build.0 = Release|Any CPU
		{A22267C9-AA25-430F-8FB4-4A6F05AF21F6}.Debug|Any CPU.ActiveCfg = Debug|Any CPU
		{A22267C9-AA25-430F-8FB4-4A6F05AF21F6}.Debug|Any CPU.Build.0 = Debug|Any CPU
		{A22267C9-AA25-430F-8FB4-4A6F05AF21F6}.Release|Any CPU.ActiveCfg = Release|Any CPU
		{A22267C9-AA25-430F-8FB4-4A6F05AF21F6}.Release|Any CPU.Build.0 = Release|Any CPU
		{A5039653-8707-41B5-8C0C-50CF013FBBF9}.Debug|Any CPU.ActiveCfg = Debug|Any CPU
		{A5039653-8707-41B5-8C0C-50CF013FBBF9}.Debug|Any CPU.Build.0 = Debug|Any CPU
		{A5039653-8707-41B5-8C0C-50CF013FBBF9}.Release|Any CPU.ActiveCfg = Release|Any CPU
		{A5039653-8707-41B5-8C0C-50CF013FBBF9}.Release|Any CPU.Build.0 = Release|Any CPU
		{070B0680-0B27-4B65-9FAE-7A53B8C53E67}.Debug|Any CPU.ActiveCfg = Debug|Any CPU
		{070B0680-0B27-4B65-9FAE-7A53B8C53E67}.Debug|Any CPU.Build.0 = Debug|Any CPU
		{070B0680-0B27-4B65-9FAE-7A53B8C53E67}.Release|Any CPU.ActiveCfg = Release|Any CPU
		{070B0680-0B27-4B65-9FAE-7A53B8C53E67}.Release|Any CPU.Build.0 = Release|Any CPU
		{8A9946E1-AEFC-4158-B562-013B8A57C002}.Debug|Any CPU.ActiveCfg = Debug|Any CPU
		{8A9946E1-AEFC-4158-B562-013B8A57C002}.Debug|Any CPU.Build.0 = Debug|Any CPU
		{8A9946E1-AEFC-4158-B562-013B8A57C002}.Release|Any CPU.ActiveCfg = Release|Any CPU
		{8A9946E1-AEFC-4158-B562-013B8A57C002}.Release|Any CPU.Build.0 = Release|Any CPU
		{6A655ADA-C7B0-4A18-A35B-0D8526587E63}.Debug|Any CPU.ActiveCfg = Debug|Any CPU
		{6A655ADA-C7B0-4A18-A35B-0D8526587E63}.Debug|Any CPU.Build.0 = Debug|Any CPU
		{6A655ADA-C7B0-4A18-A35B-0D8526587E63}.Release|Any CPU.ActiveCfg = Release|Any CPU
		{6A655ADA-C7B0-4A18-A35B-0D8526587E63}.Release|Any CPU.Build.0 = Release|Any CPU
		{F9CB4076-AFC0-4CF2-9204-E0AFCC19F9DE}.Debug|Any CPU.ActiveCfg = Debug|Any CPU
		{F9CB4076-AFC0-4CF2-9204-E0AFCC19F9DE}.Debug|Any CPU.Build.0 = Debug|Any CPU
		{F9CB4076-AFC0-4CF2-9204-E0AFCC19F9DE}.Release|Any CPU.ActiveCfg = Release|Any CPU
		{F9CB4076-AFC0-4CF2-9204-E0AFCC19F9DE}.Release|Any CPU.Build.0 = Release|Any CPU
		{D353275E-895C-4D04-BCCA-AE08F4347BEF}.Debug|Any CPU.ActiveCfg = Debug|Any CPU
		{D353275E-895C-4D04-BCCA-AE08F4347BEF}.Debug|Any CPU.Build.0 = Debug|Any CPU
		{D353275E-895C-4D04-BCCA-AE08F4347BEF}.Release|Any CPU.ActiveCfg = Release|Any CPU
		{D353275E-895C-4D04-BCCA-AE08F4347BEF}.Release|Any CPU.Build.0 = Release|Any CPU
		{3842C4E8-B3B8-4CEB-8E1D-7634AE3DB479}.Debug|Any CPU.ActiveCfg = Debug|Any CPU
		{3842C4E8-B3B8-4CEB-8E1D-7634AE3DB479}.Debug|Any CPU.Build.0 = Debug|Any CPU
		{3842C4E8-B3B8-4CEB-8E1D-7634AE3DB479}.Release|Any CPU.ActiveCfg = Release|Any CPU
		{3842C4E8-B3B8-4CEB-8E1D-7634AE3DB479}.Release|Any CPU.Build.0 = Release|Any CPU
		{FF949B79-CA34-4831-AC27-2A82397CCFEF}.Debug|Any CPU.ActiveCfg = Debug|Any CPU
		{FF949B79-CA34-4831-AC27-2A82397CCFEF}.Debug|Any CPU.Build.0 = Debug|Any CPU
		{FF949B79-CA34-4831-AC27-2A82397CCFEF}.Release|Any CPU.ActiveCfg = Release|Any CPU
		{FF949B79-CA34-4831-AC27-2A82397CCFEF}.Release|Any CPU.Build.0 = Release|Any CPU
		{C5BAAAD1-9D73-43F1-AA5F-E9C0A400A965}.Debug|Any CPU.ActiveCfg = Debug|Any CPU
		{C5BAAAD1-9D73-43F1-AA5F-E9C0A400A965}.Debug|Any CPU.Build.0 = Debug|Any CPU
		{C5BAAAD1-9D73-43F1-AA5F-E9C0A400A965}.Release|Any CPU.ActiveCfg = Release|Any CPU
		{C5BAAAD1-9D73-43F1-AA5F-E9C0A400A965}.Release|Any CPU.Build.0 = Release|Any CPU
		{36EAFDA9-DC55-4853-8EE1-99CC1307D8B0}.Debug|Any CPU.ActiveCfg = Debug|Any CPU
		{36EAFDA9-DC55-4853-8EE1-99CC1307D8B0}.Debug|Any CPU.Build.0 = Debug|Any CPU
		{36EAFDA9-DC55-4853-8EE1-99CC1307D8B0}.Release|Any CPU.ActiveCfg = Release|Any CPU
		{36EAFDA9-DC55-4853-8EE1-99CC1307D8B0}.Release|Any CPU.Build.0 = Release|Any CPU
		{B79C21C0-8994-48C8-A68C-7C2296B13430}.Debug|Any CPU.ActiveCfg = Debug|Any CPU
		{B79C21C0-8994-48C8-A68C-7C2296B13430}.Debug|Any CPU.Build.0 = Debug|Any CPU
		{B79C21C0-8994-48C8-A68C-7C2296B13430}.Release|Any CPU.ActiveCfg = Release|Any CPU
		{B79C21C0-8994-48C8-A68C-7C2296B13430}.Release|Any CPU.Build.0 = Release|Any CPU
		{D00B8711-435F-47DD-8F6E-319B0EECD7A2}.Debug|Any CPU.ActiveCfg = Debug|Any CPU
		{D00B8711-435F-47DD-8F6E-319B0EECD7A2}.Debug|Any CPU.Build.0 = Debug|Any CPU
		{D00B8711-435F-47DD-8F6E-319B0EECD7A2}.Release|Any CPU.ActiveCfg = Release|Any CPU
		{D00B8711-435F-47DD-8F6E-319B0EECD7A2}.Release|Any CPU.Build.0 = Release|Any CPU
		{021B4564-D628-487D-B4BE-30FAC19AC9A2}.Debug|Any CPU.ActiveCfg = Debug|Any CPU
		{021B4564-D628-487D-B4BE-30FAC19AC9A2}.Debug|Any CPU.Build.0 = Debug|Any CPU
		{021B4564-D628-487D-B4BE-30FAC19AC9A2}.Release|Any CPU.ActiveCfg = Release|Any CPU
		{021B4564-D628-487D-B4BE-30FAC19AC9A2}.Release|Any CPU.Build.0 = Release|Any CPU
		{8B787F17-606E-45DC-B0ED-27FE76A1AC96}.Debug|Any CPU.ActiveCfg = Debug|Any CPU
		{8B787F17-606E-45DC-B0ED-27FE76A1AC96}.Debug|Any CPU.Build.0 = Debug|Any CPU
		{8B787F17-606E-45DC-B0ED-27FE76A1AC96}.Release|Any CPU.ActiveCfg = Release|Any CPU
		{8B787F17-606E-45DC-B0ED-27FE76A1AC96}.Release|Any CPU.Build.0 = Release|Any CPU
		{2E3C33F8-34E8-4C1C-B3CB-9D09C7F23321}.Debug|Any CPU.ActiveCfg = Debug|Any CPU
		{2E3C33F8-34E8-4C1C-B3CB-9D09C7F23321}.Debug|Any CPU.Build.0 = Debug|Any CPU
		{2E3C33F8-34E8-4C1C-B3CB-9D09C7F23321}.Release|Any CPU.ActiveCfg = Release|Any CPU
		{2E3C33F8-34E8-4C1C-B3CB-9D09C7F23321}.Release|Any CPU.Build.0 = Release|Any CPU
		{9B98D576-3032-47B0-A6E6-FDDBCE19FDAB}.Debug|Any CPU.ActiveCfg = Debug|Any CPU
		{9B98D576-3032-47B0-A6E6-FDDBCE19FDAB}.Debug|Any CPU.Build.0 = Debug|Any CPU
		{9B98D576-3032-47B0-A6E6-FDDBCE19FDAB}.Release|Any CPU.ActiveCfg = Release|Any CPU
		{9B98D576-3032-47B0-A6E6-FDDBCE19FDAB}.Release|Any CPU.Build.0 = Release|Any CPU
	EndGlobalSection
	GlobalSection(SolutionProperties) = preSolution
		HideSolutionNode = FALSE
	EndGlobalSection
EndGlobal
